{
  "nodes": {
    "nix-hs-utils": {
      "locked": {
        "lastModified": 0,
        "narHash": "sha256-na4sGxvBaRbN7CXfHFEut+zbBbLerv3yNNEYCivoBBw=",
        "path": "/nix/store/18gi66q279lnawwkdxpp4wahirkifvnv-source",
        "type": "path"
      },
      "original": {
        "path": "/nix/store/18gi66q279lnawwkdxpp4wahirkifvnv-source",
        "type": "path"
      }
    },
    "nixpkgs": {
      "locked": {
        "lastModified": 1712963716,
        "narHash": "sha256-WKm9CvgCldeIVvRz87iOMi8CFVB1apJlkUT4GGvA0iM=",
        "owner": "nixos",
        "repo": "nixpkgs",
        "rev": "cfd6b5fc90b15709b780a5a1619695a88505a176",
        "type": "github"
      },
      "original": {
        "owner": "nixos",
        "ref": "nixos-unstable",
        "repo": "nixpkgs",
        "type": "github"
      }
    },
    "root": {
      "inputs": {
        "nix-hs-utils": "nix-hs-utils",
        "nixpkgs": "nixpkgs"
      }
    }
  },
  "root": "root",
  "version": 7
}
