{
  "nodes": {
    "nix-hs-utils": {
      "locked": {
        "lastModified": 0,
        "narHash": "sha256-jVm8JhQBVaRnZtvc2KCNx7Y07vShxGQMYXW5OdFFnnk=",
        "path": "/nix/store/gf4kr462n4whdvmzn0g967i24yhnkyyk-source",
        "type": "path"
      },
      "original": {
        "path": "/nix/store/gf4kr462n4whdvmzn0g967i24yhnkyyk-source",
        "type": "path"
      }
    },
    "nixpkgs": {
      "locked": {
        "lastModified": 1685836261,
        "narHash": "sha256-rpxEPGeW4JZJcH58SQApJUtJ7w78VPtkF6Cut/Pq6Kg=",
        "owner": "nixos",
        "repo": "nixpkgs",
        "rev": "dd4982554e18b936790da07c4ea2db7c7600f283",
        "type": "github"
      },
      "original": {
        "owner": "nixos",
        "ref": "nixos-unstable",
        "repo": "nixpkgs",
        "type": "github"
      }
    },
    "root": {
      "inputs": {
        "nix-hs-utils": "nix-hs-utils",
        "nixpkgs": "nixpkgs"
      }
    }
  },
  "root": "root",
  "version": 7
}
